
Microsoft Visual Studio Solution File, Format Version 12.00
# Visual Studio 2013
VisualStudioVersion = 12.0.21005.1
MinimumVisualStudioVersion = 10.0.40219.1
Project("{FAE04EC0-301F-11D3-BF4B-00C04F79EFBC}") = "WebApp", "WebApp\WebApp.csproj", "{F2DFA47B-8F5D-48A8-A0DA-4DEBDBCF7784}"
EndProject
Project("{FAE04EC0-301F-11D3-BF4B-00C04F79EFBC}") = "WebApi", "WebApi\WebApi.csproj", "{C1E2393F-C16C-45C8-9F53-B8D32A2BAE97}"
EndProject
Global
	GlobalSection(SolutionConfigurationPlatforms) = preSolution
		Debug|Any CPU = Debug|Any CPU
		Release|Any CPU = Release|Any CPU
	EndGlobalSection
	GlobalSection(ProjectConfigurationPlatforms) = postSolution
		{F2DFA47B-8F5D-48A8-A0DA-4DEBDBCF7784}.Debug|Any CPU.ActiveCfg = Debug|Any CPU
		{F2DFA47B-8F5D-48A8-A0DA-4DEBDBCF7784}.Debug|Any CPU.Build.0 = Debug|Any CPU
		{F2DFA47B-8F5D-48A8-A0DA-4DEBDBCF7784}.Release|Any CPU.ActiveCfg = Release|Any CPU
		{F2DFA47B-8F5D-48A8-A0DA-4DEBDBCF7784}.Release|Any CPU.Build.0 = Release|Any CPU
		{C1E2393F-C16C-45C8-9F53-B8D32A2BAE97}.Debug|Any CPU.ActiveCfg = Debug|Any CPU
		{C1E2393F-C16C-45C8-9F53-B8D32A2BAE97}.Debug|Any CPU.Build.0 = Debug|Any CPU
		{C1E2393F-C16C-45C8-9F53-B8D32A2BAE97}.Release|Any CPU.ActiveCfg = Release|Any CPU
		{C1E2393F-C16C-45C8-9F53-B8D32A2BAE97}.Release|Any CPU.Build.0 = Release|Any CPU
	EndGlobalSection
	GlobalSection(SolutionProperties) = preSolution
		HideSolutionNode = FALSE
	EndGlobalSection
EndGlobal
